
Microsoft Visual Studio Solution File, Format Version 12.00
# Visual Studio Version 17
VisualStudioVersion = 17.2.32519.379
MinimumVisualStudioVersion = 10.0.40219.1
Project("{9A19103F-16F7-4668-BE54-9A1E7A4F7556}") = "AnimeWebSite", "AnimeWebSite\AnimeWebSite.csproj", "{301DAC1F-97EF-4976-AD2C-B6249A7DE0A4}"
EndProject
Project("{2150E333-8FDC-42A3-9474-1A3956D46DE8}") = "src", "src", "{D51B0692-EE4D-4E49-BBC4-439EEEF49FB0}"
EndProject
Project("{9A19103F-16F7-4668-BE54-9A1E7A4F7556}") = "AnimeWebSite.Application", "AnimeWebSite.Application\AnimeWebSite.Application.csproj", "{BE1ADA76-11A2-4869-BCC4-1D89447F8F7A}"
EndProject
Project("{9A19103F-16F7-4668-BE54-9A1E7A4F7556}") = "AnimeWebSite.Domain", "AnimeWebSite.Domain\AnimeWebSite.Domain.csproj", "{75F03122-4957-4F34-AEA7-A251602AC0F3}"
EndProject
Project("{9A19103F-16F7-4668-BE54-9A1E7A4F7556}") = "AnimeWebSite.Infrastructure", "AnimeWebSite.Infrastructure\AnimeWebSite.Infrastructure.csproj", "{B18A4FE9-6146-41C2-A5DD-DE8DB3E32C31}"
EndProject
Project("{2150E333-8FDC-42A3-9474-1A3956D46DE8}") = "Service", "Service", "{55D08207-7AAB-4711-B571-C7672DA91921}"
EndProject
Project("{FAE04EC0-301F-11D3-BF4B-00C04F79EFBC}") = "AnimeWebSite.Services.Abstractions", "AnimeWebSite.Services.Abstractions\AnimeWebSite.Services.Abstractions.csproj", "{BEE3FF8D-DF16-4A49-9806-C6F11A03D1C5}"
EndProject
Project("{FAE04EC0-301F-11D3-BF4B-00C04F79EFBC}") = "AnimeWebSite.Contracts", "AnimeWebSite.Contracts\AnimeWebSite.Contracts.csproj", "{57337D51-652C-4221-BABA-45E906410365}"
EndProject
Project("{FAE04EC0-301F-11D3-BF4B-00C04F79EFBC}") = "AnimeWebSite.Services", "AnimeWebSite.Services\AnimeWebSite.Services.csproj", "{16A35B43-CB05-4D0E-A9E2-472A95B784DF}"
EndProject
Global
	GlobalSection(SolutionConfigurationPlatforms) = preSolution
		Debug|Any CPU = Debug|Any CPU
		Release|Any CPU = Release|Any CPU
	EndGlobalSection
	GlobalSection(ProjectConfigurationPlatforms) = postSolution
		{301DAC1F-97EF-4976-AD2C-B6249A7DE0A4}.Debug|Any CPU.ActiveCfg = Debug|Any CPU
		{301DAC1F-97EF-4976-AD2C-B6249A7DE0A4}.Debug|Any CPU.Build.0 = Debug|Any CPU
		{301DAC1F-97EF-4976-AD2C-B6249A7DE0A4}.Release|Any CPU.ActiveCfg = Release|Any CPU
		{301DAC1F-97EF-4976-AD2C-B6249A7DE0A4}.Release|Any CPU.Build.0 = Release|Any CPU
		{BE1ADA76-11A2-4869-BCC4-1D89447F8F7A}.Debug|Any CPU.ActiveCfg = Debug|Any CPU
		{BE1ADA76-11A2-4869-BCC4-1D89447F8F7A}.Debug|Any CPU.Build.0 = Debug|Any CPU
		{BE1ADA76-11A2-4869-BCC4-1D89447F8F7A}.Release|Any CPU.ActiveCfg = Release|Any CPU
		{BE1ADA76-11A2-4869-BCC4-1D89447F8F7A}.Release|Any CPU.Build.0 = Release|Any CPU
		{75F03122-4957-4F34-AEA7-A251602AC0F3}.Debug|Any CPU.ActiveCfg = Debug|Any CPU
		{75F03122-4957-4F34-AEA7-A251602AC0F3}.Debug|Any CPU.Build.0 = Debug|Any CPU
		{75F03122-4957-4F34-AEA7-A251602AC0F3}.Release|Any CPU.ActiveCfg = Release|Any CPU
		{75F03122-4957-4F34-AEA7-A251602AC0F3}.Release|Any CPU.Build.0 = Release|Any CPU
		{B18A4FE9-6146-41C2-A5DD-DE8DB3E32C31}.Debug|Any CPU.ActiveCfg = Debug|Any CPU
		{B18A4FE9-6146-41C2-A5DD-DE8DB3E32C31}.Debug|Any CPU.Build.0 = Debug|Any CPU
		{B18A4FE9-6146-41C2-A5DD-DE8DB3E32C31}.Release|Any CPU.ActiveCfg = Release|Any CPU
		{B18A4FE9-6146-41C2-A5DD-DE8DB3E32C31}.Release|Any CPU.Build.0 = Release|Any CPU
		{BEE3FF8D-DF16-4A49-9806-C6F11A03D1C5}.Debug|Any CPU.ActiveCfg = Debug|Any CPU
		{BEE3FF8D-DF16-4A49-9806-C6F11A03D1C5}.Debug|Any CPU.Build.0 = Debug|Any CPU
		{BEE3FF8D-DF16-4A49-9806-C6F11A03D1C5}.Release|Any CPU.ActiveCfg = Release|Any CPU
		{BEE3FF8D-DF16-4A49-9806-C6F11A03D1C5}.Release|Any CPU.Build.0 = Release|Any CPU
		{57337D51-652C-4221-BABA-45E906410365}.Debug|Any CPU.ActiveCfg = Debug|Any CPU
		{57337D51-652C-4221-BABA-45E906410365}.Debug|Any CPU.Build.0 = Debug|Any CPU
		{57337D51-652C-4221-BABA-45E906410365}.Release|Any CPU.ActiveCfg = Release|Any CPU
		{57337D51-652C-4221-BABA-45E906410365}.Release|Any CPU.Build.0 = Release|Any CPU
		{16A35B43-CB05-4D0E-A9E2-472A95B784DF}.Debug|Any CPU.ActiveCfg = Debug|Any CPU
		{16A35B43-CB05-4D0E-A9E2-472A95B784DF}.Debug|Any CPU.Build.0 = Debug|Any CPU
		{16A35B43-CB05-4D0E-A9E2-472A95B784DF}.Release|Any CPU.ActiveCfg = Release|Any CPU
		{16A35B43-CB05-4D0E-A9E2-472A95B784DF}.Release|Any CPU.Build.0 = Release|Any CPU
	EndGlobalSection
	GlobalSection(SolutionProperties) = preSolution
		HideSolutionNode = FALSE
	EndGlobalSection
	GlobalSection(NestedProjects) = preSolution
		{301DAC1F-97EF-4976-AD2C-B6249A7DE0A4} = {D51B0692-EE4D-4E49-BBC4-439EEEF49FB0}
		{BE1ADA76-11A2-4869-BCC4-1D89447F8F7A} = {D51B0692-EE4D-4E49-BBC4-439EEEF49FB0}
		{75F03122-4957-4F34-AEA7-A251602AC0F3} = {D51B0692-EE4D-4E49-BBC4-439EEEF49FB0}
		{B18A4FE9-6146-41C2-A5DD-DE8DB3E32C31} = {D51B0692-EE4D-4E49-BBC4-439EEEF49FB0}
		{55D08207-7AAB-4711-B571-C7672DA91921} = {D51B0692-EE4D-4E49-BBC4-439EEEF49FB0}
		{BEE3FF8D-DF16-4A49-9806-C6F11A03D1C5} = {55D08207-7AAB-4711-B571-C7672DA91921}
		{57337D51-652C-4221-BABA-45E906410365} = {D51B0692-EE4D-4E49-BBC4-439EEEF49FB0}
		{16A35B43-CB05-4D0E-A9E2-472A95B784DF} = {55D08207-7AAB-4711-B571-C7672DA91921}
	EndGlobalSection
	GlobalSection(ExtensibilityGlobals) = postSolution
		SolutionGuid = {D94697EC-DD37-405A-A3ED-BE70DA116216}
	EndGlobalSection
EndGlobal
